
Microsoft Visual Studio Solution File, Format Version 11.00
# Visual Studio 2010
Project("{FAE04EC0-301F-11D3-BF4B-00C04F79EFBC}") = "MyRssReaderLinqToXml", "MyRssReaderLinqToXml.csproj", "{B0463B14-2CB6-444A-B5E1-850415CA7F7A}"
EndProject
Global
	GlobalSection(SolutionConfigurationPlatforms) = preSolution
		Debug|Any CPU = Debug|Any CPU
		Release|Any CPU = Release|Any CPU
	EndGlobalSection
	GlobalSection(ProjectConfigurationPlatforms) = postSolution
		{B0463B14-2CB6-444A-B5E1-850415CA7F7A}.Debug|Any CPU.ActiveCfg = Debug|Any CPU
		{B0463B14-2CB6-444A-B5E1-850415CA7F7A}.Debug|Any CPU.Build.0 = Debug|Any CPU
		{B0463B14-2CB6-444A-B5E1-850415CA7F7A}.Release|Any CPU.ActiveCfg = Release|Any CPU
		{B0463B14-2CB6-444A-B5E1-850415CA7F7A}.Release|Any CPU.Build.0 = Release|Any CPU
	EndGlobalSection
	GlobalSection(MonoDevelopProperties) = preSolution
		StartupItem = MyRssReaderLinqToXml.csproj
	EndGlobalSection
EndGlobal
